
Microsoft Visual Studio Solution File, Format Version 12.00
# Visual Studio Version 17
VisualStudioVersion = 17.8.34525.116
MinimumVisualStudioVersion = 10.0.40219.1
Project("{FAE04EC0-301F-11D3-BF4B-00C04F79EFBC}") = "ConsoleApp2", "ConsoleApp2\ConsoleApp2.csproj", "{199D0F6F-525C-49D5-A71D-59777CCB43CD}"
EndProject
Global
	GlobalSection(SolutionConfigurationPlatforms) = preSolution
		Debug|Any CPU = Debug|Any CPU
		Release|Any CPU = Release|Any CPU
	EndGlobalSection
	GlobalSection(ProjectConfigurationPlatforms) = postSolution
		{199D0F6F-525C-49D5-A71D-59777CCB43CD}.Debug|Any CPU.ActiveCfg = Debug|Any CPU
		{199D0F6F-525C-49D5-A71D-59777CCB43CD}.Debug|Any CPU.Build.0 = Debug|Any CPU
		{199D0F6F-525C-49D5-A71D-59777CCB43CD}.Release|Any CPU.ActiveCfg = Release|Any CPU
		{199D0F6F-525C-49D5-A71D-59777CCB43CD}.Release|Any CPU.Build.0 = Release|Any CPU
	EndGlobalSection
	GlobalSection(SolutionProperties) = preSolution
		HideSolutionNode = FALSE
	EndGlobalSection
	GlobalSection(ExtensibilityGlobals) = postSolution
		SolutionGuid = {C7025AE3-5B23-4D77-8B37-7314D2D3510F}
	EndGlobalSection
EndGlobal
